// !$*UTF8*$!
{
	archiveVersion = 1;
	classes = {
	};
	objectVersion = 52;
	objects = {

/* Begin PBXBuildFile section */
		CE0286C4270EE3A800D81755 /* LogInView.swift in Sources */ = {isa = PBXBuildFile; fileRef = CE0286C3270EE3A800D81755 /* LogInView.swift */; };
		CE0286C6270EEC4200D81755 /* SignUpView.swift in Sources */ = {isa = PBXBuildFile; fileRef = CE0286C5270EEC4200D81755 /* SignUpView.swift */; };
		CE0286CB270F3A9300D81755 /* FirebaseAuth in Frameworks */ = {isa = PBXBuildFile; productRef = CE0286CA270F3A9300D81755 /* FirebaseAuth */; };
		CE2924082770F4D600E0DF4C /* DoNotDisturbMode.swift in Sources */ = {isa = PBXBuildFile; fileRef = CE2924072770F4D600E0DF4C /* DoNotDisturbMode.swift */; };
		CE30ED9727443AA30073C243 /* vosk-model-small-ru-0.22 in Resources */ = {isa = PBXBuildFile; fileRef = CE30ED9627443AA30073C243 /* vosk-model-small-ru-0.22 */; };
		CE59FF35275AEC2A004BDF8D /* Time.swift in Sources */ = {isa = PBXBuildFile; fileRef = CE59FF34275AEC2A004BDF8D /* Time.swift */; };
		CE62BEB4274B6923007D0CA8 /* Stopwatch.swift in Sources */ = {isa = PBXBuildFile; fileRef = CE62BEB3274B6923007D0CA8 /* Stopwatch.swift */; };
		CE62BEB6274B6947007D0CA8 /* LapTime.swift in Sources */ = {isa = PBXBuildFile; fileRef = CE62BEB5274B6947007D0CA8 /* LapTime.swift */; };
		CE62BEB8274B6A10007D0CA8 /* TimeController.swift in Sources */ = {isa = PBXBuildFile; fileRef = CE62BEB7274B6A10007D0CA8 /* TimeController.swift */; };
		CE62BEBA274B6B4C007D0CA8 /* TimeView.swift in Sources */ = {isa = PBXBuildFile; fileRef = CE62BEB9274B6B4C007D0CA8 /* TimeView.swift */; };
		CE62BEBC274BC918007D0CA8 /* TimeInterval.swift in Sources */ = {isa = PBXBuildFile; fileRef = CE62BEBB274BC918007D0CA8 /* TimeInterval.swift */; };
		CE66445D26F8D02A00A554FB /* AlertToast in Frameworks */ = {isa = PBXBuildFile; productRef = CE66445C26F8D02A00A554FB /* AlertToast */; };
		CE6A03A8270451A1001C96E4 /* AudioRecord.swift in Sources */ = {isa = PBXBuildFile; fileRef = CE6A03A7270451A1001C96E4 /* AudioRecord.swift */; };
		CE6A03AA270453AC001C96E4 /* FileManager.swift in Sources */ = {isa = PBXBuildFile; fileRef = CE6A03A9270453AC001C96E4 /* FileManager.swift */; };
		CE6A0AA52713D54800F39B36 /* FirebaseStorage in Frameworks */ = {isa = PBXBuildFile; productRef = CE6A0AA42713D54800F39B36 /* FirebaseStorage */; };
		CE6D71CC26F6042D005BDA30 /* AudioRecorderApp.swift in Sources */ = {isa = PBXBuildFile; fileRef = CE6D71CB26F6042D005BDA30 /* AudioRecorderApp.swift */; };
		CE6D71CE26F6042D005BDA30 /* ContentView.swift in Sources */ = {isa = PBXBuildFile; fileRef = CE6D71CD26F6042D005BDA30 /* ContentView.swift */; };
		CE6D71D026F60430005BDA30 /* Assets.xcassets in Resources */ = {isa = PBXBuildFile; fileRef = CE6D71CF26F60430005BDA30 /* Assets.xcassets */; };
		CE6D71D326F60430005BDA30 /* Preview Assets.xcassets in Resources */ = {isa = PBXBuildFile; fileRef = CE6D71D226F60430005BDA30 /* Preview Assets.xcassets */; };
		CE6D71DB26F60943005BDA30 /* SettingsTab.swift in Sources */ = {isa = PBXBuildFile; fileRef = CE6D71DA26F60943005BDA30 /* SettingsTab.swift */; };
		CE6D71DD26F60979005BDA30 /* MainMenuTab.swift in Sources */ = {isa = PBXBuildFile; fileRef = CE6D71DC26F60979005BDA30 /* MainMenuTab.swift */; };
		CE6D71DF26F60988005BDA30 /* RecordsTab.swift in Sources */ = {isa = PBXBuildFile; fileRef = CE6D71DE26F60988005BDA30 /* RecordsTab.swift */; };
		CE6DDB3E274530210096EEBE /* AudioPlayer.swift in Sources */ = {isa = PBXBuildFile; fileRef = CE6DDB3D274530200096EEBE /* AudioPlayer.swift */; };
		CE6DF9B22728F731003F50B2 /* AudioHandler.swift in Sources */ = {isa = PBXBuildFile; fileRef = CE6DF9B12728F731003F50B2 /* AudioHandler.swift */; };
		CE6F95F82711CF4000791A41 /* CloudDatabase.swift in Sources */ = {isa = PBXBuildFile; fileRef = CE6F95F72711CF4000791A41 /* CloudDatabase.swift */; };
		CE6F95FA2711D7AB00791A41 /* FirebaseFirestore in Frameworks */ = {isa = PBXBuildFile; productRef = CE6F95F92711D7AB00791A41 /* FirebaseFirestore */; };
		CE6F963F270FE79000D3E18D /* UIApplicationExt.swift in Sources */ = {isa = PBXBuildFile; fileRef = CE6F963E270FE79000D3E18D /* UIApplicationExt.swift */; };
		CE6F96432710086000D3E18D /* AuthGateView.swift in Sources */ = {isa = PBXBuildFile; fileRef = CE6F96422710086000D3E18D /* AuthGateView.swift */; };
		CE704905270D8FE50045B498 /* UrlExt.swift in Sources */ = {isa = PBXBuildFile; fileRef = CE704904270D8FE50045B498 /* UrlExt.swift */; };
		CE704908270D9DD60045B498 /* Share.swift in Sources */ = {isa = PBXBuildFile; fileRef = CE704907270D9DD60045B498 /* Share.swift */; };
		CE73D3EC2772B033005EA45D /* StorageBar.swift in Sources */ = {isa = PBXBuildFile; fileRef = CE73D3EB2772B033005EA45D /* StorageBar.swift */; };
		CE7525D626FF80A1003DA83E /* ViewExt.swift in Sources */ = {isa = PBXBuildFile; fileRef = CE7525D526FF80A1003DA83E /* ViewExt.swift */; };
		CE773AA726FB65FA00EA8284 /* User.swift in Sources */ = {isa = PBXBuildFile; fileRef = CE773AA626FB65FA00EA8284 /* User.swift */; };
		CE773AAB26FB770600EA8284 /* DateExt.swift in Sources */ = {isa = PBXBuildFile; fileRef = CE773AAA26FB770600EA8284 /* DateExt.swift */; };
		CE773AB026FB7A4600EA8284 /* AppInfoView.swift in Sources */ = {isa = PBXBuildFile; fileRef = CE773AAF26FB7A4600EA8284 /* AppInfoView.swift */; };
		CE773AB226FB874400EA8284 /* CloudStorageChoiceView.swift in Sources */ = {isa = PBXBuildFile; fileRef = CE773AB126FB874400EA8284 /* CloudStorageChoiceView.swift */; };
		CE7773C326FB93CD000DBBC4 /* FreeCloudPlanView.swift in Sources */ = {isa = PBXBuildFile; fileRef = CE7773C226FB93CD000DBBC4 /* FreeCloudPlanView.swift */; };
		CE7773C526FB93F2000DBBC4 /* PaidCloudPlanView.swift in Sources */ = {isa = PBXBuildFile; fileRef = CE7773C426FB93F2000DBBC4 /* PaidCloudPlanView.swift */; };
		CE78EF9226FDE6F700547BD0 /* SwiftyStoreKit in Frameworks */ = {isa = PBXBuildFile; productRef = CE78EF9126FDE6F700547BD0 /* SwiftyStoreKit */; };
		CE78EF9426FE46A300547BD0 /* Store.swift in Sources */ = {isa = PBXBuildFile; fileRef = CE78EF9326FE46A300547BD0 /* Store.swift */; };
		CE7F7C6527527F3400DD5412 /* LocationManager.swift in Sources */ = {isa = PBXBuildFile; fileRef = CE7F7C6427527F3400DD5412 /* LocationManager.swift */; };
		CE841E7926FC7AD500FE79BF /* Theme.swift in Sources */ = {isa = PBXBuildFile; fileRef = CE841E7826FC7AD500FE79BF /* Theme.swift */; };
		CE86461C27251AB4005068B4 /* AudioRecorder.swift in Sources */ = {isa = PBXBuildFile; fileRef = CE86461B27251AB4005068B4 /* AudioRecorder.swift */; };
		CE8F4A8227429B90002ADDFA /* Accelerate.framework in Frameworks */ = {isa = PBXBuildFile; fileRef = CE8F4A8127429B8F002ADDFA /* Accelerate.framework */; };
		CE8F4A8827429D39002ADDFA /* SpeechDetection.swift in Sources */ = {isa = PBXBuildFile; fileRef = CE8F4A8327429D39002ADDFA /* SpeechDetection.swift */; };
		CE8F4A8A27429D39002ADDFA /* Vosk.swift in Sources */ = {isa = PBXBuildFile; fileRef = CE8F4A8627429D39002ADDFA /* Vosk.swift */; };
		CE8F4A8B27429D39002ADDFA /* VoskModel.swift in Sources */ = {isa = PBXBuildFile; fileRef = CE8F4A8727429D39002ADDFA /* VoskModel.swift */; };
		CE8F4AB727429D5B002ADDFA /* libkaldiwrap.a in Frameworks */ = {isa = PBXBuildFile; fileRef = CE8F4A9627429D5A002ADDFA /* libkaldiwrap.a */; };
		CE8F4B012742D1E1002ADDFA /* vosk-model-spk-0.4 in Resources */ = {isa = PBXBuildFile; fileRef = CE8F4B002742D1E1002ADDFA /* vosk-model-spk-0.4 */; };
		CE8F4B032742F3AF002ADDFA /* StringExt.swift in Sources */ = {isa = PBXBuildFile; fileRef = CE8F4B022742F3AF002ADDFA /* StringExt.swift */; };
		CE8F83CF270085A700E9E45B /* DisabledAppOverlayView.swift in Sources */ = {isa = PBXBuildFile; fileRef = CE8F83CE270085A700E9E45B /* DisabledAppOverlayView.swift */; };
		CE9D67EC2712C890003FB664 /* GoogleService-Info.plist in Resources */ = {isa = PBXBuildFile; fileRef = CE9D67EB2712C890003FB664 /* GoogleService-Info.plist */; };
		CE9F908626FF32BF00F53B02 /* TimeIntervalPickerView.swift in Sources */ = {isa = PBXBuildFile; fileRef = CE9F908526FF32BF00F53B02 /* TimeIntervalPickerView.swift */; };
		CEBF0BEA26FA5D6000C9B906 /* Localizable.strings in Resources */ = {isa = PBXBuildFile; fileRef = CEBF0BEC26FA5D6000C9B906 /* Localizable.strings */; };
		CECE0154270CA6FB003906ED /* TimeIntervalExt.swift in Sources */ = {isa = PBXBuildFile; fileRef = CECE0153270CA6FB003906ED /* TimeIntervalExt.swift */; };
		CED26E12270BEE43007674B8 /* RecordView.swift in Sources */ = {isa = PBXBuildFile; fileRef = CED26E11270BEE43007674B8 /* RecordView.swift */; };
		CED8D98A27295E3C00D2B8FD /* AudioMerge.swift in Sources */ = {isa = PBXBuildFile; fileRef = CED8D98927295E3C00D2B8FD /* AudioMerge.swift */; };
		CED91A2C27287C3B000D21C4 /* ArrayExt.swift in Sources */ = {isa = PBXBuildFile; fileRef = CED91A2B27287C3B000D21C4 /* ArrayExt.swift */; };
		CED91A2E2728891A000D21C4 /* AudioTrim.swift in Sources */ = {isa = PBXBuildFile; fileRef = CED91A2D2728891A000D21C4 /* AudioTrim.swift */; };
		CEE10440270F3E6D0026492A /* AppAuth.swift in Sources */ = {isa = PBXBuildFile; fileRef = CEE1043F270F3E6D0026492A /* AppAuth.swift */; };
/* End PBXBuildFile section */

/* Begin PBXFileReference section */
		CE0286C3270EE3A800D81755 /* LogInView.swift */ = {isa = PBXFileReference; lastKnownFileType = sourcecode.swift; path = LogInView.swift; sourceTree = "<group>"; };
		CE0286C5270EEC4200D81755 /* SignUpView.swift */ = {isa = PBXFileReference; lastKnownFileType = sourcecode.swift; path = SignUpView.swift; sourceTree = "<group>"; };
		CE2924072770F4D600E0DF4C /* DoNotDisturbMode.swift */ = {isa = PBXFileReference; lastKnownFileType = sourcecode.swift; path = DoNotDisturbMode.swift; sourceTree = "<group>"; };
		CE30ED9627443AA30073C243 /* vosk-model-small-ru-0.22 */ = {isa = PBXFileReference; lastKnownFileType = folder; path = "vosk-model-small-ru-0.22"; sourceTree = "<group>"; };
		CE59FF34275AEC2A004BDF8D /* Time.swift */ = {isa = PBXFileReference; lastKnownFileType = sourcecode.swift; path = Time.swift; sourceTree = "<group>"; };
		CE62BEB3274B6923007D0CA8 /* Stopwatch.swift */ = {isa = PBXFileReference; lastKnownFileType = sourcecode.swift; path = Stopwatch.swift; sourceTree = "<group>"; };
		CE62BEB5274B6947007D0CA8 /* LapTime.swift */ = {isa = PBXFileReference; lastKnownFileType = sourcecode.swift; path = LapTime.swift; sourceTree = "<group>"; };
		CE62BEB7274B6A10007D0CA8 /* TimeController.swift */ = {isa = PBXFileReference; lastKnownFileType = sourcecode.swift; path = TimeController.swift; sourceTree = "<group>"; };
		CE62BEB9274B6B4C007D0CA8 /* TimeView.swift */ = {isa = PBXFileReference; lastKnownFileType = sourcecode.swift; path = TimeView.swift; sourceTree = "<group>"; };
		CE62BEBB274BC918007D0CA8 /* TimeInterval.swift */ = {isa = PBXFileReference; lastKnownFileType = sourcecode.swift; path = TimeInterval.swift; sourceTree = "<group>"; };
		CE6A03A7270451A1001C96E4 /* AudioRecord.swift */ = {isa = PBXFileReference; lastKnownFileType = sourcecode.swift; path = AudioRecord.swift; sourceTree = "<group>"; };
		CE6A03A9270453AC001C96E4 /* FileManager.swift */ = {isa = PBXFileReference; lastKnownFileType = sourcecode.swift; path = FileManager.swift; sourceTree = "<group>"; };
		CE6D71C826F6042D005BDA30 /* AudioRecorder.app */ = {isa = PBXFileReference; explicitFileType = wrapper.application; includeInIndex = 0; path = AudioRecorder.app; sourceTree = BUILT_PRODUCTS_DIR; };
		CE6D71CB26F6042D005BDA30 /* AudioRecorderApp.swift */ = {isa = PBXFileReference; lastKnownFileType = sourcecode.swift; path = AudioRecorderApp.swift; sourceTree = "<group>"; };
		CE6D71CD26F6042D005BDA30 /* ContentView.swift */ = {isa = PBXFileReference; lastKnownFileType = sourcecode.swift; path = ContentView.swift; sourceTree = "<group>"; };
		CE6D71CF26F60430005BDA30 /* Assets.xcassets */ = {isa = PBXFileReference; lastKnownFileType = folder.assetcatalog; path = Assets.xcassets; sourceTree = "<group>"; };
		CE6D71D226F60430005BDA30 /* Preview Assets.xcassets */ = {isa = PBXFileReference; lastKnownFileType = folder.assetcatalog; path = "Preview Assets.xcassets"; sourceTree = "<group>"; };
		CE6D71D426F60430005BDA30 /* Info.plist */ = {isa = PBXFileReference; lastKnownFileType = text.plist.xml; path = Info.plist; sourceTree = "<group>"; };
		CE6D71DA26F60943005BDA30 /* SettingsTab.swift */ = {isa = PBXFileReference; lastKnownFileType = sourcecode.swift; path = SettingsTab.swift; sourceTree = "<group>"; };
		CE6D71DC26F60979005BDA30 /* MainMenuTab.swift */ = {isa = PBXFileReference; lastKnownFileType = sourcecode.swift; path = MainMenuTab.swift; sourceTree = "<group>"; };
		CE6D71DE26F60988005BDA30 /* RecordsTab.swift */ = {isa = PBXFileReference; lastKnownFileType = sourcecode.swift; path = RecordsTab.swift; sourceTree = "<group>"; };
		CE6DDB3D274530200096EEBE /* AudioPlayer.swift */ = {isa = PBXFileReference; lastKnownFileType = sourcecode.swift; path = AudioPlayer.swift; sourceTree = "<group>"; };
		CE6DDB412745AD0F0096EEBE /* AudioRecorder.entitlements */ = {isa = PBXFileReference; lastKnownFileType = text.plist.entitlements; path = AudioRecorder.entitlements; sourceTree = "<group>"; };
		CE6DF9B12728F731003F50B2 /* AudioHandler.swift */ = {isa = PBXFileReference; lastKnownFileType = sourcecode.swift; name = AudioHandler.swift; path = AudioRecorder/Handlers/AudioHandler.swift; sourceTree = SOURCE_ROOT; };
		CE6F95F72711CF4000791A41 /* CloudDatabase.swift */ = {isa = PBXFileReference; lastKnownFileType = sourcecode.swift; path = CloudDatabase.swift; sourceTree = "<group>"; };
		CE6F963E270FE79000D3E18D /* UIApplicationExt.swift */ = {isa = PBXFileReference; lastKnownFileType = sourcecode.swift; path = UIApplicationExt.swift; sourceTree = "<group>"; };
		CE6F96422710086000D3E18D /* AuthGateView.swift */ = {isa = PBXFileReference; lastKnownFileType = sourcecode.swift; path = AuthGateView.swift; sourceTree = "<group>"; };
		CE704904270D8FE50045B498 /* UrlExt.swift */ = {isa = PBXFileReference; fileEncoding = 4; lastKnownFileType = sourcecode.swift; path = UrlExt.swift; sourceTree = "<group>"; };
		CE704907270D9DD60045B498 /* Share.swift */ = {isa = PBXFileReference; lastKnownFileType = sourcecode.swift; path = Share.swift; sourceTree = "<group>"; };
		CE73D3EB2772B033005EA45D /* StorageBar.swift */ = {isa = PBXFileReference; lastKnownFileType = sourcecode.swift; path = StorageBar.swift; sourceTree = "<group>"; };
		CE7525D526FF80A1003DA83E /* ViewExt.swift */ = {isa = PBXFileReference; lastKnownFileType = sourcecode.swift; path = ViewExt.swift; sourceTree = "<group>"; };
		CE773AA626FB65FA00EA8284 /* User.swift */ = {isa = PBXFileReference; lastKnownFileType = sourcecode.swift; path = User.swift; sourceTree = "<group>"; };
		CE773AAA26FB770600EA8284 /* DateExt.swift */ = {isa = PBXFileReference; lastKnownFileType = sourcecode.swift; path = DateExt.swift; sourceTree = "<group>"; };
		CE773AAF26FB7A4600EA8284 /* AppInfoView.swift */ = {isa = PBXFileReference; lastKnownFileType = sourcecode.swift; path = AppInfoView.swift; sourceTree = "<group>"; };
		CE773AB126FB874400EA8284 /* CloudStorageChoiceView.swift */ = {isa = PBXFileReference; lastKnownFileType = sourcecode.swift; path = CloudStorageChoiceView.swift; sourceTree = "<group>"; };
		CE7773C226FB93CD000DBBC4 /* FreeCloudPlanView.swift */ = {isa = PBXFileReference; lastKnownFileType = sourcecode.swift; path = FreeCloudPlanView.swift; sourceTree = "<group>"; };
		CE7773C426FB93F2000DBBC4 /* PaidCloudPlanView.swift */ = {isa = PBXFileReference; lastKnownFileType = sourcecode.swift; path = PaidCloudPlanView.swift; sourceTree = "<group>"; };
		CE78EF8F26FDCF1800547BD0 /* Configuration.storekit */ = {isa = PBXFileReference; lastKnownFileType = text; path = Configuration.storekit; sourceTree = "<group>"; };
		CE78EF9326FE46A300547BD0 /* Store.swift */ = {isa = PBXFileReference; lastKnownFileType = sourcecode.swift; path = Store.swift; sourceTree = "<group>"; };
		CE7F7C6427527F3400DD5412 /* LocationManager.swift */ = {isa = PBXFileReference; lastKnownFileType = sourcecode.swift; path = LocationManager.swift; sourceTree = "<group>"; };
		CE841E7826FC7AD500FE79BF /* Theme.swift */ = {isa = PBXFileReference; lastKnownFileType = sourcecode.swift; path = Theme.swift; sourceTree = "<group>"; };
		CE86461B27251AB4005068B4 /* AudioRecorder.swift */ = {isa = PBXFileReference; lastKnownFileType = sourcecode.swift; path = AudioRecorder.swift; sourceTree = "<group>"; };
		CE8F4A8127429B8F002ADDFA /* Accelerate.framework */ = {isa = PBXFileReference; lastKnownFileType = wrapper.framework; name = Accelerate.framework; path = System/Library/Frameworks/Accelerate.framework; sourceTree = SDKROOT; };
		CE8F4A8327429D39002ADDFA /* SpeechDetection.swift */ = {isa = PBXFileReference; fileEncoding = 4; lastKnownFileType = sourcecode.swift; path = SpeechDetection.swift; sourceTree = "<group>"; };
		CE8F4A8527429D39002ADDFA /* bridging.h */ = {isa = PBXFileReference; fileEncoding = 4; lastKnownFileType = sourcecode.c.h; path = bridging.h; sourceTree = "<group>"; };
		CE8F4A8627429D39002ADDFA /* Vosk.swift */ = {isa = PBXFileReference; fileEncoding = 4; lastKnownFileType = sourcecode.swift; path = Vosk.swift; sourceTree = "<group>"; };
		CE8F4A8727429D39002ADDFA /* VoskModel.swift */ = {isa = PBXFileReference; fileEncoding = 4; lastKnownFileType = sourcecode.swift; path = VoskModel.swift; sourceTree = "<group>"; };
		CE8F4A9527429D5A002ADDFA /* vosk_api.h */ = {isa = PBXFileReference; fileEncoding = 4; lastKnownFileType = sourcecode.c.h; path = vosk_api.h; sourceTree = "<group>"; };
		CE8F4A9627429D5A002ADDFA /* libkaldiwrap.a */ = {isa = PBXFileReference; lastKnownFileType = archive.ar; path = libkaldiwrap.a; sourceTree = "<group>"; };
		CE8F4B002742D1E1002ADDFA /* vosk-model-spk-0.4 */ = {isa = PBXFileReference; lastKnownFileType = folder; path = "vosk-model-spk-0.4"; sourceTree = "<group>"; };
		CE8F4B022742F3AF002ADDFA /* StringExt.swift */ = {isa = PBXFileReference; lastKnownFileType = sourcecode.swift; path = StringExt.swift; sourceTree = "<group>"; };
		CE8F83CE270085A700E9E45B /* DisabledAppOverlayView.swift */ = {isa = PBXFileReference; lastKnownFileType = sourcecode.swift; path = DisabledAppOverlayView.swift; sourceTree = "<group>"; };
		CE9D67EB2712C890003FB664 /* GoogleService-Info.plist */ = {isa = PBXFileReference; fileEncoding = 4; lastKnownFileType = text.plist.xml; path = "GoogleService-Info.plist"; sourceTree = "<group>"; };
		CE9F908526FF32BF00F53B02 /* TimeIntervalPickerView.swift */ = {isa = PBXFileReference; lastKnownFileType = sourcecode.swift; path = TimeIntervalPickerView.swift; sourceTree = "<group>"; };
		CEBF0BEB26FA5D6000C9B906 /* en */ = {isa = PBXFileReference; lastKnownFileType = text.plist.strings; name = en; path = en.lproj/Localizable.strings; sourceTree = "<group>"; };
		CEBF0BEF26FA5E2E00C9B906 /* ru */ = {isa = PBXFileReference; explicitFileType = text.plist.strings; fileEncoding = 4; name = ru; path = ru.lproj/Localizable.strings; sourceTree = "<group>"; };
		CECE0153270CA6FB003906ED /* TimeIntervalExt.swift */ = {isa = PBXFileReference; lastKnownFileType = sourcecode.swift; path = TimeIntervalExt.swift; sourceTree = "<group>"; };
		CED26E11270BEE43007674B8 /* RecordView.swift */ = {isa = PBXFileReference; lastKnownFileType = sourcecode.swift; path = RecordView.swift; sourceTree = "<group>"; };
		CED8D98927295E3C00D2B8FD /* AudioMerge.swift */ = {isa = PBXFileReference; lastKnownFileType = sourcecode.swift; path = AudioMerge.swift; sourceTree = "<group>"; };
		CED91A2B27287C3B000D21C4 /* ArrayExt.swift */ = {isa = PBXFileReference; lastKnownFileType = sourcecode.swift; path = ArrayExt.swift; sourceTree = "<group>"; };
		CED91A2D2728891A000D21C4 /* AudioTrim.swift */ = {isa = PBXFileReference; lastKnownFileType = sourcecode.swift; path = AudioTrim.swift; sourceTree = "<group>"; };
		CEE1043F270F3E6D0026492A /* AppAuth.swift */ = {isa = PBXFileReference; lastKnownFileType = sourcecode.swift; path = AppAuth.swift; sourceTree = "<group>"; };
/* End PBXFileReference section */

/* Begin PBXFrameworksBuildPhase section */
		CE6D71C526F6042D005BDA30 /* Frameworks */ = {
			isa = PBXFrameworksBuildPhase;
			buildActionMask = 2147483647;
			files = (
				CE78EF9226FDE6F700547BD0 /* SwiftyStoreKit in Frameworks */,
				CE8F4AB727429D5B002ADDFA /* libkaldiwrap.a in Frameworks */,
				CE6F95FA2711D7AB00791A41 /* FirebaseFirestore in Frameworks */,
				CE0286CB270F3A9300D81755 /* FirebaseAuth in Frameworks */,
				CE8F4A8227429B90002ADDFA /* Accelerate.framework in Frameworks */,
				CE6A0AA52713D54800F39B36 /* FirebaseStorage in Frameworks */,
				CE66445D26F8D02A00A554FB /* AlertToast in Frameworks */,
			);
			runOnlyForDeploymentPostprocessing = 0;
		};
/* End PBXFrameworksBuildPhase section */

/* Begin PBXGroup section */
		CE12A22126FCE8770042AEE8 /* Frameworks */ = {
			isa = PBXGroup;
			children = (
				CE8F4A8127429B8F002ADDFA /* Accelerate.framework */,
			);
			name = Frameworks;
			sourceTree = "<group>";
		};
		CE62BEB2274B6911007D0CA8 /* Models */ = {
			isa = PBXGroup;
			children = (
				CE62BEB3274B6923007D0CA8 /* Stopwatch.swift */,
			);
			path = Models;
			sourceTree = "<group>";
		};
		CE6D71BF26F6042D005BDA30 = {
			isa = PBXGroup;
			children = (
				CE6D71CA26F6042D005BDA30 /* AudioRecorder */,
				CE6D71C926F6042D005BDA30 /* Products */,
				CE12A22126FCE8770042AEE8 /* Frameworks */,
			);
			sourceTree = "<group>";
		};
		CE6D71C926F6042D005BDA30 /* Products */ = {
			isa = PBXGroup;
			children = (
				CE6D71C826F6042D005BDA30 /* AudioRecorder.app */,
			);
			name = Products;
			sourceTree = "<group>";
		};
		CE6D71CA26F6042D005BDA30 /* AudioRecorder */ = {
			isa = PBXGroup;
			children = (
				CE62BEB2274B6911007D0CA8 /* Models */,
				CE6DDB412745AD0F0096EEBE /* AudioRecorder.entitlements */,
				CE8F4A8C27429D5A002ADDFA /* Vosk */,
				CE8F4A8527429D39002ADDFA /* bridging.h */,
				CE86461627251A5E005068B4 /* AudioManagers */,
				CE9D67EB2712C890003FB664 /* GoogleService-Info.plist */,
				CE773AA926FB76EA00EA8284 /* Extensions */,
				CE6D71CB26F6042D005BDA30 /* AudioRecorderApp.swift */,
				CEBF0BEC26FA5D6000C9B906 /* Localizable.strings */,
				CE6D71E026F60998005BDA30 /* Views */,
				CE6D71CF26F60430005BDA30 /* Assets.xcassets */,
				CE6D71D426F60430005BDA30 /* Info.plist */,
				CE6D71D126F60430005BDA30 /* Preview Content */,
				CE773AA826FB660000EA8284 /* Data */,
				CE78EF8F26FDCF1800547BD0 /* Configuration.storekit */,
				CE86461D27251B77005068B4 /* Handlers */,
			);
			path = AudioRecorder;
			sourceTree = "<group>";
		};
		CE6D71D126F60430005BDA30 /* Preview Content */ = {
			isa = PBXGroup;
			children = (
				CE6D71D226F60430005BDA30 /* Preview Assets.xcassets */,
			);
			path = "Preview Content";
			sourceTree = "<group>";
		};
		CE6D71E026F60998005BDA30 /* Views */ = {
			isa = PBXGroup;
			children = (
				CE6D71CD26F6042D005BDA30 /* ContentView.swift */,
				CE773AAE26FB7A0C00EA8284 /* RecordsTab */,
				CE773AAD26FB7A0300EA8284 /* MainMenuTab */,
				CE773AAC26FB79FB00EA8284 /* SettingsTab */,
				CE8F83CE270085A700E9E45B /* DisabledAppOverlayView.swift */,
				CE0286C3270EE3A800D81755 /* LogInView.swift */,
				CE0286C5270EEC4200D81755 /* SignUpView.swift */,
				CE6F96422710086000D3E18D /* AuthGateView.swift */,
			);
			path = Views;
			sourceTree = "<group>";
		};
		CE773AA826FB660000EA8284 /* Data */ = {
			isa = PBXGroup;
			children = (
				CE773AA626FB65FA00EA8284 /* User.swift */,
				CE78EF9326FE46A300547BD0 /* Store.swift */,
				CE6A03A7270451A1001C96E4 /* AudioRecord.swift */,
				CEE1043F270F3E6D0026492A /* AppAuth.swift */,
				CE62BEB5274B6947007D0CA8 /* LapTime.swift */,
			);
			path = Data;
			sourceTree = "<group>";
		};
		CE773AA926FB76EA00EA8284 /* Extensions */ = {
			isa = PBXGroup;
			children = (
				CE704904270D8FE50045B498 /* UrlExt.swift */,
				CE773AAA26FB770600EA8284 /* DateExt.swift */,
				CE7525D526FF80A1003DA83E /* ViewExt.swift */,
				CE6A03A9270453AC001C96E4 /* FileManager.swift */,
				CECE0153270CA6FB003906ED /* TimeIntervalExt.swift */,
				CE6F963E270FE79000D3E18D /* UIApplicationExt.swift */,
				CED91A2B27287C3B000D21C4 /* ArrayExt.swift */,
				CE8F4B022742F3AF002ADDFA /* StringExt.swift */,
				CE62BEBB274BC918007D0CA8 /* TimeInterval.swift */,
			);
			path = Extensions;
			sourceTree = "<group>";
		};
		CE773AAC26FB79FB00EA8284 /* SettingsTab */ = {
			isa = PBXGroup;
			children = (
				CE7773C126FB9382000DBBC4 /* CloudStorage */,
				CE6D71DA26F60943005BDA30 /* SettingsTab.swift */,
				CE773AAF26FB7A4600EA8284 /* AppInfoView.swift */,
				CE9F908526FF32BF00F53B02 /* TimeIntervalPickerView.swift */,
				CE73D3EB2772B033005EA45D /* StorageBar.swift */,
			);
			path = SettingsTab;
			sourceTree = "<group>";
		};
		CE773AAD26FB7A0300EA8284 /* MainMenuTab */ = {
			isa = PBXGroup;
			children = (
				CE6D71DC26F60979005BDA30 /* MainMenuTab.swift */,
				CE62BEB9274B6B4C007D0CA8 /* TimeView.swift */,
			);
			path = MainMenuTab;
			sourceTree = "<group>";
		};
		CE773AAE26FB7A0C00EA8284 /* RecordsTab */ = {
			isa = PBXGroup;
			children = (
				CE6D71DE26F60988005BDA30 /* RecordsTab.swift */,
				CED26E11270BEE43007674B8 /* RecordView.swift */,
			);
			path = RecordsTab;
			sourceTree = "<group>";
		};
		CE7773C126FB9382000DBBC4 /* CloudStorage */ = {
			isa = PBXGroup;
			children = (
				CE773AB126FB874400EA8284 /* CloudStorageChoiceView.swift */,
				CE7773C226FB93CD000DBBC4 /* FreeCloudPlanView.swift */,
				CE7773C426FB93F2000DBBC4 /* PaidCloudPlanView.swift */,
			);
			path = CloudStorage;
			sourceTree = "<group>";
		};
		CE86461627251A5E005068B4 /* AudioManagers */ = {
			isa = PBXGroup;
			children = (
				CE8F4A8327429D39002ADDFA /* SpeechDetection.swift */,
				CE86461B27251AB4005068B4 /* AudioRecorder.swift */,
				CED91A2D2728891A000D21C4 /* AudioTrim.swift */,
				CE6DF9B12728F731003F50B2 /* AudioHandler.swift */,
				CED8D98927295E3C00D2B8FD /* AudioMerge.swift */,
				CE6DDB3D274530200096EEBE /* AudioPlayer.swift */,
			);
			path = AudioManagers;
			sourceTree = "<group>";
		};
		CE86461D27251B77005068B4 /* Handlers */ = {
			isa = PBXGroup;
			children = (
				CE841E7826FC7AD500FE79BF /* Theme.swift */,
				CE704907270D9DD60045B498 /* Share.swift */,
				CE6F95F72711CF4000791A41 /* CloudDatabase.swift */,
				CE62BEB7274B6A10007D0CA8 /* TimeController.swift */,
				CE7F7C6427527F3400DD5412 /* LocationManager.swift */,
				CE59FF34275AEC2A004BDF8D /* Time.swift */,
				CE2924072770F4D600E0DF4C /* DoNotDisturbMode.swift */,
			);
			path = Handlers;
			sourceTree = "<group>";
		};
		CE8F4A8C27429D5A002ADDFA /* Vosk */ = {
			isa = PBXGroup;
			children = (
				CE30ED9627443AA30073C243 /* vosk-model-small-ru-0.22 */,
				CE8F4B002742D1E1002ADDFA /* vosk-model-spk-0.4 */,
				CE8F4A9527429D5A002ADDFA /* vosk_api.h */,
				CE8F4A9627429D5A002ADDFA /* libkaldiwrap.a */,
				CE8F4A8627429D39002ADDFA /* Vosk.swift */,
				CE8F4A8727429D39002ADDFA /* VoskModel.swift */,
			);
			path = Vosk;
			sourceTree = "<group>";
		};
/* End PBXGroup section */

/* Begin PBXNativeTarget section */
		CE6D71C726F6042D005BDA30 /* AudioRecorder */ = {
			isa = PBXNativeTarget;
			buildConfigurationList = CE6D71D726F60430005BDA30 /* Build configuration list for PBXNativeTarget "AudioRecorder" */;
			buildPhases = (
				CE6D71C426F6042D005BDA30 /* Sources */,
				CE6D71C526F6042D005BDA30 /* Frameworks */,
				CE6D71C626F6042D005BDA30 /* Resources */,
			);
			buildRules = (
			);
			dependencies = (
			);
			name = AudioRecorder;
			packageProductDependencies = (
				CE66445C26F8D02A00A554FB /* AlertToast */,
				CE78EF9126FDE6F700547BD0 /* SwiftyStoreKit */,
				CE0286CA270F3A9300D81755 /* FirebaseAuth */,
				CE6F95F92711D7AB00791A41 /* FirebaseFirestore */,
				CE6A0AA42713D54800F39B36 /* FirebaseStorage */,
			);
			productName = AudioRecorder;
			productReference = CE6D71C826F6042D005BDA30 /* AudioRecorder.app */;
			productType = "com.apple.product-type.application";
		};
/* End PBXNativeTarget section */

/* Begin PBXProject section */
		CE6D71C026F6042D005BDA30 /* Project object */ = {
			isa = PBXProject;
			attributes = {
				LastSwiftUpdateCheck = 1250;
				LastUpgradeCheck = 1250;
				TargetAttributes = {
					CE6D71C726F6042D005BDA30 = {
						CreatedOnToolsVersion = 12.5.1;
					};
				};
			};
			buildConfigurationList = CE6D71C326F6042D005BDA30 /* Build configuration list for PBXProject "AudioRecorder" */;
			compatibilityVersion = "Xcode 9.3";
			developmentRegion = en;
			hasScannedForEncodings = 0;
			knownRegions = (
				en,
				Base,
				ru,
			);
			mainGroup = CE6D71BF26F6042D005BDA30;
			packageReferences = (
				CE66445B26F8D02A00A554FB /* XCRemoteSwiftPackageReference "AlertToast" */,
				CE78EF9026FDE6F700547BD0 /* XCRemoteSwiftPackageReference "SwiftyStoreKit" */,
				CE0286C9270F3A9300D81755 /* XCRemoteSwiftPackageReference "firebase-ios-sdk" */,
			);
			productRefGroup = CE6D71C926F6042D005BDA30 /* Products */;
			projectDirPath = "";
			projectRoot = "";
			targets = (
				CE6D71C726F6042D005BDA30 /* AudioRecorder */,
			);
		};
/* End PBXProject section */

/* Begin PBXResourcesBuildPhase section */
		CE6D71C626F6042D005BDA30 /* Resources */ = {
			isa = PBXResourcesBuildPhase;
			buildActionMask = 2147483647;
			files = (
				CE6D71D326F60430005BDA30 /* Preview Assets.xcassets in Resources */,
				CE9D67EC2712C890003FB664 /* GoogleService-Info.plist in Resources */,
				CE30ED9727443AA30073C243 /* vosk-model-small-ru-0.22 in Resources */,
				CE8F4B012742D1E1002ADDFA /* vosk-model-spk-0.4 in Resources */,
				CEBF0BEA26FA5D6000C9B906 /* Localizable.strings in Resources */,
				CE6D71D026F60430005BDA30 /* Assets.xcassets in Resources */,
			);
			runOnlyForDeploymentPostprocessing = 0;
		};
/* End PBXResourcesBuildPhase section */

/* Begin PBXSourcesBuildPhase section */
		CE6D71C426F6042D005BDA30 /* Sources */ = {
			isa = PBXSourcesBuildPhase;
			buildActionMask = 2147483647;
			files = (
				CE704908270D9DD60045B498 /* Share.swift in Sources */,
				CE62BEB4274B6923007D0CA8 /* Stopwatch.swift in Sources */,
				CE6D71DF26F60988005BDA30 /* RecordsTab.swift in Sources */,
				CE6D71DB26F60943005BDA30 /* SettingsTab.swift in Sources */,
				CE9F908626FF32BF00F53B02 /* TimeIntervalPickerView.swift in Sources */,
				CE773AAB26FB770600EA8284 /* DateExt.swift in Sources */,
				CE6F95F82711CF4000791A41 /* CloudDatabase.swift in Sources */,
				CE0286C4270EE3A800D81755 /* LogInView.swift in Sources */,
				CE704905270D8FE50045B498 /* UrlExt.swift in Sources */,
				CE6DF9B22728F731003F50B2 /* AudioHandler.swift in Sources */,
				CE773AA726FB65FA00EA8284 /* User.swift in Sources */,
				CE0286C6270EEC4200D81755 /* SignUpView.swift in Sources */,
				CE62BEB6274B6947007D0CA8 /* LapTime.swift in Sources */,
				CE8F4A8A27429D39002ADDFA /* Vosk.swift in Sources */,
				CE8F4A8B27429D39002ADDFA /* VoskModel.swift in Sources */,
				CE86461C27251AB4005068B4 /* AudioRecorder.swift in Sources */,
				CED8D98A27295E3C00D2B8FD /* AudioMerge.swift in Sources */,
				CE773AB026FB7A4600EA8284 /* AppInfoView.swift in Sources */,
				CE62BEBC274BC918007D0CA8 /* TimeInterval.swift in Sources */,
				CE6F96432710086000D3E18D /* AuthGateView.swift in Sources */,
				CECE0154270CA6FB003906ED /* TimeIntervalExt.swift in Sources */,
				CE6D71DD26F60979005BDA30 /* MainMenuTab.swift in Sources */,
				CEE10440270F3E6D0026492A /* AppAuth.swift in Sources */,
				CE7525D626FF80A1003DA83E /* ViewExt.swift in Sources */,
				CED91A2E2728891A000D21C4 /* AudioTrim.swift in Sources */,
				CE6D71CE26F6042D005BDA30 /* ContentView.swift in Sources */,
				CE78EF9426FE46A300547BD0 /* Store.swift in Sources */,
				CED26E12270BEE43007674B8 /* RecordView.swift in Sources */,
				CE73D3EC2772B033005EA45D /* StorageBar.swift in Sources */,
				CE7773C526FB93F2000DBBC4 /* PaidCloudPlanView.swift in Sources */,
				CE7773C326FB93CD000DBBC4 /* FreeCloudPlanView.swift in Sources */,
				CE62BEBA274B6B4C007D0CA8 /* TimeView.swift in Sources */,
				CE841E7926FC7AD500FE79BF /* Theme.swift in Sources */,
				CED91A2C27287C3B000D21C4 /* ArrayExt.swift in Sources */,
				CE8F4B032742F3AF002ADDFA /* StringExt.swift in Sources */,
				CE8F83CF270085A700E9E45B /* DisabledAppOverlayView.swift in Sources */,
				CE6DDB3E274530210096EEBE /* AudioPlayer.swift in Sources */,
				CE7F7C6527527F3400DD5412 /* LocationManager.swift in Sources */,
				CE8F4A8827429D39002ADDFA /* SpeechDetection.swift in Sources */,
				CE773AB226FB874400EA8284 /* CloudStorageChoiceView.swift in Sources */,
				CE6A03AA270453AC001C96E4 /* FileManager.swift in Sources */,
				CE6F963F270FE79000D3E18D /* UIApplicationExt.swift in Sources */,
				CE6A03A8270451A1001C96E4 /* AudioRecord.swift in Sources */,
				CE59FF35275AEC2A004BDF8D /* Time.swift in Sources */,
				CE6D71CC26F6042D005BDA30 /* AudioRecorderApp.swift in Sources */,
				CE62BEB8274B6A10007D0CA8 /* TimeController.swift in Sources */,
				CE2924082770F4D600E0DF4C /* DoNotDisturbMode.swift in Sources */,
			);
			runOnlyForDeploymentPostprocessing = 0;
		};
/* End PBXSourcesBuildPhase section */

/* Begin PBXVariantGroup section */
		CEBF0BEC26FA5D6000C9B906 /* Localizable.strings */ = {
			isa = PBXVariantGroup;
			children = (
				CEBF0BEB26FA5D6000C9B906 /* en */,
				CEBF0BEF26FA5E2E00C9B906 /* ru */,
			);
			name = Localizable.strings;
			sourceTree = "<group>";
		};
/* End PBXVariantGroup section */

/* Begin XCBuildConfiguration section */
		CE6D71D526F60430005BDA30 /* Debug */ = {
			isa = XCBuildConfiguration;
			buildSettings = {
				ALWAYS_SEARCH_USER_PATHS = NO;
				CLANG_ANALYZER_LOCALIZABILITY_NONLOCALIZED = YES;
				CLANG_ANALYZER_NONNULL = YES;
				CLANG_ANALYZER_NUMBER_OBJECT_CONVERSION = YES_AGGRESSIVE;
				CLANG_CXX_LANGUAGE_STANDARD = "gnu++14";
				CLANG_CXX_LIBRARY = "libc++";
				CLANG_ENABLE_MODULES = YES;
				CLANG_ENABLE_OBJC_ARC = YES;
				CLANG_ENABLE_OBJC_WEAK = YES;
				CLANG_WARN_BLOCK_CAPTURE_AUTORELEASING = YES;
				CLANG_WARN_BOOL_CONVERSION = YES;
				CLANG_WARN_COMMA = YES;
				CLANG_WARN_CONSTANT_CONVERSION = YES;
				CLANG_WARN_DEPRECATED_OBJC_IMPLEMENTATIONS = YES;
				CLANG_WARN_DIRECT_OBJC_ISA_USAGE = YES_ERROR;
				CLANG_WARN_DOCUMENTATION_COMMENTS = YES;
				CLANG_WARN_EMPTY_BODY = YES;
				CLANG_WARN_ENUM_CONVERSION = YES;
				CLANG_WARN_INFINITE_RECURSION = YES;
				CLANG_WARN_INT_CONVERSION = YES;
				CLANG_WARN_NON_LITERAL_NULL_CONVERSION = YES;
				CLANG_WARN_OBJC_IMPLICIT_RETAIN_SELF = YES;
				CLANG_WARN_OBJC_LITERAL_CONVERSION = YES;
				CLANG_WARN_OBJC_ROOT_CLASS = YES_ERROR;
				CLANG_WARN_QUOTED_INCLUDE_IN_FRAMEWORK_HEADER = YES;
				CLANG_WARN_RANGE_LOOP_ANALYSIS = YES;
				CLANG_WARN_STRICT_PROTOTYPES = YES;
				CLANG_WARN_SUSPICIOUS_MOVE = YES;
				CLANG_WARN_UNGUARDED_AVAILABILITY = YES_AGGRESSIVE;
				CLANG_WARN_UNREACHABLE_CODE = YES;
				CLANG_WARN__DUPLICATE_METHOD_MATCH = YES;
				COPY_PHASE_STRIP = NO;
				DEBUG_INFORMATION_FORMAT = dwarf;
				ENABLE_STRICT_OBJC_MSGSEND = YES;
				ENABLE_TESTABILITY = YES;
				GCC_C_LANGUAGE_STANDARD = gnu11;
				GCC_DYNAMIC_NO_PIC = NO;
				GCC_NO_COMMON_BLOCKS = YES;
				GCC_OPTIMIZATION_LEVEL = 0;
				GCC_PREPROCESSOR_DEFINITIONS = (
					"DEBUG=1",
					"$(inherited)",
				);
				GCC_WARN_64_TO_32_BIT_CONVERSION = YES;
				GCC_WARN_ABOUT_RETURN_TYPE = YES_ERROR;
				GCC_WARN_UNDECLARED_SELECTOR = YES;
				GCC_WARN_UNINITIALIZED_AUTOS = YES_AGGRESSIVE;
				GCC_WARN_UNUSED_FUNCTION = YES;
				GCC_WARN_UNUSED_VARIABLE = YES;
				IPHONEOS_DEPLOYMENT_TARGET = 14.5;
				MTL_ENABLE_DEBUG_INFO = INCLUDE_SOURCE;
				MTL_FAST_MATH = YES;
				ONLY_ACTIVE_ARCH = YES;
				SDKROOT = iphoneos;
				SWIFT_ACTIVE_COMPILATION_CONDITIONS = DEBUG;
				SWIFT_OPTIMIZATION_LEVEL = "-Onone";
			};
			name = Debug;
		};
		CE6D71D626F60430005BDA30 /* Release */ = {
			isa = XCBuildConfiguration;
			buildSettings = {
				ALWAYS_SEARCH_USER_PATHS = NO;
				CLANG_ANALYZER_LOCALIZABILITY_NONLOCALIZED = YES;
				CLANG_ANALYZER_NONNULL = YES;
				CLANG_ANALYZER_NUMBER_OBJECT_CONVERSION = YES_AGGRESSIVE;
				CLANG_CXX_LANGUAGE_STANDARD = "gnu++14";
				CLANG_CXX_LIBRARY = "libc++";
				CLANG_ENABLE_MODULES = YES;
				CLANG_ENABLE_OBJC_ARC = YES;
				CLANG_ENABLE_OBJC_WEAK = YES;
				CLANG_WARN_BLOCK_CAPTURE_AUTORELEASING = YES;
				CLANG_WARN_BOOL_CONVERSION = YES;
				CLANG_WARN_COMMA = YES;
				CLANG_WARN_CONSTANT_CONVERSION = YES;
				CLANG_WARN_DEPRECATED_OBJC_IMPLEMENTATIONS = YES;
				CLANG_WARN_DIRECT_OBJC_ISA_USAGE = YES_ERROR;
				CLANG_WARN_DOCUMENTATION_COMMENTS = YES;
				CLANG_WARN_EMPTY_BODY = YES;
				CLANG_WARN_ENUM_CONVERSION = YES;
				CLANG_WARN_INFINITE_RECURSION = YES;
				CLANG_WARN_INT_CONVERSION = YES;
				CLANG_WARN_NON_LITERAL_NULL_CONVERSION = YES;
				CLANG_WARN_OBJC_IMPLICIT_RETAIN_SELF = YES;
				CLANG_WARN_OBJC_LITERAL_CONVERSION = YES;
				CLANG_WARN_OBJC_ROOT_CLASS = YES_ERROR;
				CLANG_WARN_QUOTED_INCLUDE_IN_FRAMEWORK_HEADER = YES;
				CLANG_WARN_RANGE_LOOP_ANALYSIS = YES;
				CLANG_WARN_STRICT_PROTOTYPES = YES;
				CLANG_WARN_SUSPICIOUS_MOVE = YES;
				CLANG_WARN_UNGUARDED_AVAILABILITY = YES_AGGRESSIVE;
				CLANG_WARN_UNREACHABLE_CODE = YES;
				CLANG_WARN__DUPLICATE_METHOD_MATCH = YES;
				COPY_PHASE_STRIP = NO;
				DEBUG_INFORMATION_FORMAT = "dwarf-with-dsym";
				ENABLE_NS_ASSERTIONS = NO;
				ENABLE_STRICT_OBJC_MSGSEND = YES;
				GCC_C_LANGUAGE_STANDARD = gnu11;
				GCC_NO_COMMON_BLOCKS = YES;
				GCC_WARN_64_TO_32_BIT_CONVERSION = YES;
				GCC_WARN_ABOUT_RETURN_TYPE = YES_ERROR;
				GCC_WARN_UNDECLARED_SELECTOR = YES;
				GCC_WARN_UNINITIALIZED_AUTOS = YES_AGGRESSIVE;
				GCC_WARN_UNUSED_FUNCTION = YES;
				GCC_WARN_UNUSED_VARIABLE = YES;
				IPHONEOS_DEPLOYMENT_TARGET = 14.5;
				MTL_ENABLE_DEBUG_INFO = NO;
				MTL_FAST_MATH = YES;
				SDKROOT = iphoneos;
				SWIFT_COMPILATION_MODE = wholemodule;
				SWIFT_OPTIMIZATION_LEVEL = "-O";
				VALIDATE_PRODUCT = YES;
			};
			name = Release;
		};
		CE6D71D826F60430005BDA30 /* Debug */ = {
			isa = XCBuildConfiguration;
			buildSettings = {
				ASSETCATALOG_COMPILER_APPICON_NAME = AppIcon;
				ASSETCATALOG_COMPILER_GLOBAL_ACCENT_COLOR_NAME = AccentColor;
				CLANG_CXX_LIBRARY = "libc++";
				CODE_SIGN_ENTITLEMENTS = AudioRecorder/AudioRecorder.entitlements;
				CODE_SIGN_IDENTITY = "Apple Development";
				CODE_SIGN_STYLE = Automatic;
				CURRENT_PROJECT_VERSION = 2;
				DEVELOPMENT_ASSET_PATHS = "\"AudioRecorder/Preview Content\"";
				DEVELOPMENT_TEAM = C9M7M3PL3X;
				ENABLE_BITCODE = NO;
				ENABLE_PREVIEWS = YES;
				HEADER_SEARCH_PATHS = (
					"$(SRCROOT)/**",
					"$(PROJECT_DIR)/AudioRecorder/Vosk/**",
				);
				INFOPLIST_FILE = AudioRecorder/Info.plist;
				IPHONEOS_DEPLOYMENT_TARGET = 14.0;
				LD_RUNPATH_SEARCH_PATHS = (
					"$(inherited)",
					"@executable_path/Frameworks",
				);
				LIBRARY_SEARCH_PATHS = (
					"$(inherited)",
					"$(PROJECT_DIR)/AudioRecorder/Vosk/**",
				);
				MARKETING_VERSION = 1.0.1;
				PRODUCT_BUNDLE_IDENTIFIER = com.wingsmight.AudioRecorderApp;
				PRODUCT_NAME = "$(TARGET_NAME)";
				PROVISIONING_PROFILE_SPECIFIER = "";
				SWIFT_OBJC_BRIDGING_HEADER = "$(SRCROOT)/AudioRecorder/bridging.h";
				SWIFT_PRECOMPILE_BRIDGING_HEADER = YES;
				SWIFT_VERSION = 5.0;
				TARGETED_DEVICE_FAMILY = "1,2";
			};
			name = Debug;
		};
		CE6D71D926F60430005BDA30 /* Release */ = {
			isa = XCBuildConfiguration;
			buildSettings = {
				ASSETCATALOG_COMPILER_APPICON_NAME = AppIcon;
				ASSETCATALOG_COMPILER_GLOBAL_ACCENT_COLOR_NAME = AccentColor;
				CLANG_CXX_LIBRARY = "libc++";
				CODE_SIGN_ENTITLEMENTS = AudioRecorder/AudioRecorder.entitlements;
				CODE_SIGN_IDENTITY = "Apple Development";
				CODE_SIGN_STYLE = Automatic;
				CURRENT_PROJECT_VERSION = 2;
				DEVELOPMENT_ASSET_PATHS = "\"AudioRecorder/Preview Content\"";
				DEVELOPMENT_TEAM = C9M7M3PL3X;
				ENABLE_BITCODE = NO;
				ENABLE_PREVIEWS = YES;
				HEADER_SEARCH_PATHS = (
					"$(SRCROOT)/**",
					"$(PROJECT_DIR)/AudioRecorder/Vosk/**",
				);
				INFOPLIST_FILE = AudioRecorder/Info.plist;
				IPHONEOS_DEPLOYMENT_TARGET = 14.0;
				LD_RUNPATH_SEARCH_PATHS = (
					"$(inherited)",
					"@executable_path/Frameworks",
				);
				LIBRARY_SEARCH_PATHS = (
					"$(inherited)",
					"$(PROJECT_DIR)/AudioRecorder/Vosk/**",
				);
				MARKETING_VERSION = 1.0.1;
				PRODUCT_BUNDLE_IDENTIFIER = com.wingsmight.AudioRecorderApp;
				PRODUCT_NAME = "$(TARGET_NAME)";
				PROVISIONING_PROFILE_SPECIFIER = "";
				SWIFT_OBJC_BRIDGING_HEADER = "$(SRCROOT)/AudioRecorder/bridging.h";
				SWIFT_PRECOMPILE_BRIDGING_HEADER = YES;
				SWIFT_VERSION = 5.0;
				TARGETED_DEVICE_FAMILY = "1,2";
			};
			name = Release;
		};
/* End XCBuildConfiguration section */

/* Begin XCConfigurationList section */
		CE6D71C326F6042D005BDA30 /* Build configuration list for PBXProject "AudioRecorder" */ = {
			isa = XCConfigurationList;
			buildConfigurations = (
				CE6D71D526F60430005BDA30 /* Debug */,
				CE6D71D626F60430005BDA30 /* Release */,
			);
			defaultConfigurationIsVisible = 0;
			defaultConfigurationName = Release;
		};
		CE6D71D726F60430005BDA30 /* Build configuration list for PBXNativeTarget "AudioRecorder" */ = {
			isa = XCConfigurationList;
			buildConfigurations = (
				CE6D71D826F60430005BDA30 /* Debug */,
				CE6D71D926F60430005BDA30 /* Release */,
			);
			defaultConfigurationIsVisible = 0;
			defaultConfigurationName = Release;
		};
/* End XCConfigurationList section */

/* Begin XCRemoteSwiftPackageReference section */
		CE0286C9270F3A9300D81755 /* XCRemoteSwiftPackageReference "firebase-ios-sdk" */ = {
			isa = XCRemoteSwiftPackageReference;
			repositoryURL = "https://github.com/firebase/firebase-ios-sdk.git";
			requirement = {
				kind = upToNextMajorVersion;
				minimumVersion = 8.0.0;
			};
		};
		CE66445B26F8D02A00A554FB /* XCRemoteSwiftPackageReference "AlertToast" */ = {
			isa = XCRemoteSwiftPackageReference;
			repositoryURL = "https://github.com/elai950/AlertToast.git";
			requirement = {
				kind = upToNextMajorVersion;
				minimumVersion = 1.3.7;
			};
		};
		CE78EF9026FDE6F700547BD0 /* XCRemoteSwiftPackageReference "SwiftyStoreKit" */ = {
			isa = XCRemoteSwiftPackageReference;
			repositoryURL = "https://github.com/bizz84/SwiftyStoreKit.git";
			requirement = {
				kind = upToNextMajorVersion;
				minimumVersion = 0.9.3;
			};
		};
/* End XCRemoteSwiftPackageReference section */

/* Begin XCSwiftPackageProductDependency section */
		CE0286CA270F3A9300D81755 /* FirebaseAuth */ = {
			isa = XCSwiftPackageProductDependency;
			package = CE0286C9270F3A9300D81755 /* XCRemoteSwiftPackageReference "firebase-ios-sdk" */;
			productName = FirebaseAuth;
		};
		CE66445C26F8D02A00A554FB /* AlertToast */ = {
			isa = XCSwiftPackageProductDependency;
			package = CE66445B26F8D02A00A554FB /* XCRemoteSwiftPackageReference "AlertToast" */;
			productName = AlertToast;
		};
		CE6A0AA42713D54800F39B36 /* FirebaseStorage */ = {
			isa = XCSwiftPackageProductDependency;
			package = CE0286C9270F3A9300D81755 /* XCRemoteSwiftPackageReference "firebase-ios-sdk" */;
			productName = FirebaseStorage;
		};
		CE6F95F92711D7AB00791A41 /* FirebaseFirestore */ = {
			isa = XCSwiftPackageProductDependency;
			package = CE0286C9270F3A9300D81755 /* XCRemoteSwiftPackageReference "firebase-ios-sdk" */;
			productName = FirebaseFirestore;
		};
		CE78EF9126FDE6F700547BD0 /* SwiftyStoreKit */ = {
			isa = XCSwiftPackageProductDependency;
			package = CE78EF9026FDE6F700547BD0 /* XCRemoteSwiftPackageReference "SwiftyStoreKit" */;
			productName = SwiftyStoreKit;
		};
/* End XCSwiftPackageProductDependency section */
	};
	rootObject = CE6D71C026F6042D005BDA30 /* Project object */;
}
