// !$*UTF8*$!
{
	archiveVersion = 1;
	classes = {
	};
	objectVersion = 52;
	objects = {

/* Begin PBXBuildFile section */
		CE66445D26F8D02A00A554FB /* AlertToast in Frameworks */ = {isa = PBXBuildFile; productRef = CE66445C26F8D02A00A554FB /* AlertToast */; };
		CE6D71CC26F6042D005BDA30 /* AudioRecorderApp.swift in Sources */ = {isa = PBXBuildFile; fileRef = CE6D71CB26F6042D005BDA30 /* AudioRecorderApp.swift */; };
		CE6D71CE26F6042D005BDA30 /* ContentView.swift in Sources */ = {isa = PBXBuildFile; fileRef = CE6D71CD26F6042D005BDA30 /* ContentView.swift */; };
		CE6D71D026F60430005BDA30 /* Assets.xcassets in Resources */ = {isa = PBXBuildFile; fileRef = CE6D71CF26F60430005BDA30 /* Assets.xcassets */; };
		CE6D71D326F60430005BDA30 /* Preview Assets.xcassets in Resources */ = {isa = PBXBuildFile; fileRef = CE6D71D226F60430005BDA30 /* Preview Assets.xcassets */; };
		CE6D71DB26F60943005BDA30 /* SettingsTab.swift in Sources */ = {isa = PBXBuildFile; fileRef = CE6D71DA26F60943005BDA30 /* SettingsTab.swift */; };
		CE6D71DD26F60979005BDA30 /* MainMenuTab.swift in Sources */ = {isa = PBXBuildFile; fileRef = CE6D71DC26F60979005BDA30 /* MainMenuTab.swift */; };
		CE6D71DF26F60988005BDA30 /* RecordsTab.swift in Sources */ = {isa = PBXBuildFile; fileRef = CE6D71DE26F60988005BDA30 /* RecordsTab.swift */; };
		CE7525D626FF80A1003DA83E /* ViewExt.swift in Sources */ = {isa = PBXBuildFile; fileRef = CE7525D526FF80A1003DA83E /* ViewExt.swift */; };
		CE773AA726FB65FA00EA8284 /* User.swift in Sources */ = {isa = PBXBuildFile; fileRef = CE773AA626FB65FA00EA8284 /* User.swift */; };
		CE773AAB26FB770600EA8284 /* DateExt.swift in Sources */ = {isa = PBXBuildFile; fileRef = CE773AAA26FB770600EA8284 /* DateExt.swift */; };
		CE773AB026FB7A4600EA8284 /* AppInfoView.swift in Sources */ = {isa = PBXBuildFile; fileRef = CE773AAF26FB7A4600EA8284 /* AppInfoView.swift */; };
		CE773AB226FB874400EA8284 /* CloudStorageChoiceView.swift in Sources */ = {isa = PBXBuildFile; fileRef = CE773AB126FB874400EA8284 /* CloudStorageChoiceView.swift */; };
		CE7773C326FB93CD000DBBC4 /* FreeCloudPlanView.swift in Sources */ = {isa = PBXBuildFile; fileRef = CE7773C226FB93CD000DBBC4 /* FreeCloudPlanView.swift */; };
		CE7773C526FB93F2000DBBC4 /* PaidCloudPlanView.swift in Sources */ = {isa = PBXBuildFile; fileRef = CE7773C426FB93F2000DBBC4 /* PaidCloudPlanView.swift */; };
		CE78EF9226FDE6F700547BD0 /* SwiftyStoreKit in Frameworks */ = {isa = PBXBuildFile; productRef = CE78EF9126FDE6F700547BD0 /* SwiftyStoreKit */; };
		CE78EF9426FE46A300547BD0 /* Store.swift in Sources */ = {isa = PBXBuildFile; fileRef = CE78EF9326FE46A300547BD0 /* Store.swift */; };
		CE841E7926FC7AD500FE79BF /* Theme.swift in Sources */ = {isa = PBXBuildFile; fileRef = CE841E7826FC7AD500FE79BF /* Theme.swift */; };
		CE8F83CF270085A700E9E45B /* DisabledAppOverlayView.swift in Sources */ = {isa = PBXBuildFile; fileRef = CE8F83CE270085A700E9E45B /* DisabledAppOverlayView.swift */; };
		CE9F908626FF32BF00F53B02 /* TimeIntervalPickerView.swift in Sources */ = {isa = PBXBuildFile; fileRef = CE9F908526FF32BF00F53B02 /* TimeIntervalPickerView.swift */; };
		CEBF0BEA26FA5D6000C9B906 /* Localizable.strings in Resources */ = {isa = PBXBuildFile; fileRef = CEBF0BEC26FA5D6000C9B906 /* Localizable.strings */; };
/* End PBXBuildFile section */

/* Begin PBXFileReference section */
		CE6D71C826F6042D005BDA30 /* AudioRecorder.app */ = {isa = PBXFileReference; explicitFileType = wrapper.application; includeInIndex = 0; path = AudioRecorder.app; sourceTree = BUILT_PRODUCTS_DIR; };
		CE6D71CB26F6042D005BDA30 /* AudioRecorderApp.swift */ = {isa = PBXFileReference; lastKnownFileType = sourcecode.swift; path = AudioRecorderApp.swift; sourceTree = "<group>"; };
		CE6D71CD26F6042D005BDA30 /* ContentView.swift */ = {isa = PBXFileReference; lastKnownFileType = sourcecode.swift; path = ContentView.swift; sourceTree = "<group>"; };
		CE6D71CF26F60430005BDA30 /* Assets.xcassets */ = {isa = PBXFileReference; lastKnownFileType = folder.assetcatalog; path = Assets.xcassets; sourceTree = "<group>"; };
		CE6D71D226F60430005BDA30 /* Preview Assets.xcassets */ = {isa = PBXFileReference; lastKnownFileType = folder.assetcatalog; path = "Preview Assets.xcassets"; sourceTree = "<group>"; };
		CE6D71D426F60430005BDA30 /* Info.plist */ = {isa = PBXFileReference; lastKnownFileType = text.plist.xml; path = Info.plist; sourceTree = "<group>"; };
		CE6D71DA26F60943005BDA30 /* SettingsTab.swift */ = {isa = PBXFileReference; lastKnownFileType = sourcecode.swift; path = SettingsTab.swift; sourceTree = "<group>"; };
		CE6D71DC26F60979005BDA30 /* MainMenuTab.swift */ = {isa = PBXFileReference; lastKnownFileType = sourcecode.swift; path = MainMenuTab.swift; sourceTree = "<group>"; };
		CE6D71DE26F60988005BDA30 /* RecordsTab.swift */ = {isa = PBXFileReference; lastKnownFileType = sourcecode.swift; path = RecordsTab.swift; sourceTree = "<group>"; };
		CE7525D526FF80A1003DA83E /* ViewExt.swift */ = {isa = PBXFileReference; lastKnownFileType = sourcecode.swift; path = ViewExt.swift; sourceTree = "<group>"; };
		CE773AA626FB65FA00EA8284 /* User.swift */ = {isa = PBXFileReference; lastKnownFileType = sourcecode.swift; path = User.swift; sourceTree = "<group>"; };
		CE773AAA26FB770600EA8284 /* DateExt.swift */ = {isa = PBXFileReference; lastKnownFileType = sourcecode.swift; path = DateExt.swift; sourceTree = "<group>"; };
		CE773AAF26FB7A4600EA8284 /* AppInfoView.swift */ = {isa = PBXFileReference; lastKnownFileType = sourcecode.swift; path = AppInfoView.swift; sourceTree = "<group>"; };
		CE773AB126FB874400EA8284 /* CloudStorageChoiceView.swift */ = {isa = PBXFileReference; lastKnownFileType = sourcecode.swift; path = CloudStorageChoiceView.swift; sourceTree = "<group>"; };
		CE7773C226FB93CD000DBBC4 /* FreeCloudPlanView.swift */ = {isa = PBXFileReference; lastKnownFileType = sourcecode.swift; path = FreeCloudPlanView.swift; sourceTree = "<group>"; };
		CE7773C426FB93F2000DBBC4 /* PaidCloudPlanView.swift */ = {isa = PBXFileReference; lastKnownFileType = sourcecode.swift; path = PaidCloudPlanView.swift; sourceTree = "<group>"; };
		CE78EF8F26FDCF1800547BD0 /* Configuration.storekit */ = {isa = PBXFileReference; lastKnownFileType = text; path = Configuration.storekit; sourceTree = "<group>"; };
		CE78EF9326FE46A300547BD0 /* Store.swift */ = {isa = PBXFileReference; lastKnownFileType = sourcecode.swift; path = Store.swift; sourceTree = "<group>"; };
		CE841E7826FC7AD500FE79BF /* Theme.swift */ = {isa = PBXFileReference; lastKnownFileType = sourcecode.swift; path = Theme.swift; sourceTree = "<group>"; };
		CE8F83CE270085A700E9E45B /* DisabledAppOverlayView.swift */ = {isa = PBXFileReference; lastKnownFileType = sourcecode.swift; path = DisabledAppOverlayView.swift; sourceTree = "<group>"; };
		CE9F908526FF32BF00F53B02 /* TimeIntervalPickerView.swift */ = {isa = PBXFileReference; lastKnownFileType = sourcecode.swift; path = TimeIntervalPickerView.swift; sourceTree = "<group>"; };
		CEBF0BEB26FA5D6000C9B906 /* en */ = {isa = PBXFileReference; lastKnownFileType = text.plist.strings; name = en; path = en.lproj/Localizable.strings; sourceTree = "<group>"; };
		CEBF0BEF26FA5E2E00C9B906 /* ru */ = {isa = PBXFileReference; explicitFileType = text.plist.strings; fileEncoding = 4; name = ru; path = ru.lproj/Localizable.strings; sourceTree = "<group>"; };
/* End PBXFileReference section */

/* Begin PBXFrameworksBuildPhase section */
		CE6D71C526F6042D005BDA30 /* Frameworks */ = {
			isa = PBXFrameworksBuildPhase;
			buildActionMask = 2147483647;
			files = (
				CE78EF9226FDE6F700547BD0 /* SwiftyStoreKit in Frameworks */,
				CE66445D26F8D02A00A554FB /* AlertToast in Frameworks */,
			);
			runOnlyForDeploymentPostprocessing = 0;
		};
/* End PBXFrameworksBuildPhase section */

/* Begin PBXGroup section */
		CE12A22126FCE8770042AEE8 /* Frameworks */ = {
			isa = PBXGroup;
			children = (
			);
			name = Frameworks;
			sourceTree = "<group>";
		};
		CE6D71BF26F6042D005BDA30 = {
			isa = PBXGroup;
			children = (
				CE6D71CA26F6042D005BDA30 /* AudioRecorder */,
				CE6D71C926F6042D005BDA30 /* Products */,
				CE12A22126FCE8770042AEE8 /* Frameworks */,
			);
			sourceTree = "<group>";
		};
		CE6D71C926F6042D005BDA30 /* Products */ = {
			isa = PBXGroup;
			children = (
				CE6D71C826F6042D005BDA30 /* AudioRecorder.app */,
			);
			name = Products;
			sourceTree = "<group>";
		};
		CE6D71CA26F6042D005BDA30 /* AudioRecorder */ = {
			isa = PBXGroup;
			children = (
				CE773AA926FB76EA00EA8284 /* Extensions */,
				CE6D71CB26F6042D005BDA30 /* AudioRecorderApp.swift */,
				CEBF0BEC26FA5D6000C9B906 /* Localizable.strings */,
				CE6D71E026F60998005BDA30 /* Views */,
				CE6D71CF26F60430005BDA30 /* Assets.xcassets */,
				CE6D71D426F60430005BDA30 /* Info.plist */,
				CE6D71D126F60430005BDA30 /* Preview Content */,
				CE773AA826FB660000EA8284 /* Data */,
				CE841E7826FC7AD500FE79BF /* Theme.swift */,
				CE78EF8F26FDCF1800547BD0 /* Configuration.storekit */,
			);
			path = AudioRecorder;
			sourceTree = "<group>";
		};
		CE6D71D126F60430005BDA30 /* Preview Content */ = {
			isa = PBXGroup;
			children = (
				CE6D71D226F60430005BDA30 /* Preview Assets.xcassets */,
			);
			path = "Preview Content";
			sourceTree = "<group>";
		};
		CE6D71E026F60998005BDA30 /* Views */ = {
			isa = PBXGroup;
			children = (
				CE6D71CD26F6042D005BDA30 /* ContentView.swift */,
				CE773AAE26FB7A0C00EA8284 /* RecordsTab */,
				CE773AAD26FB7A0300EA8284 /* MainMenuTab */,
				CE773AAC26FB79FB00EA8284 /* SettingsTab */,
				CE8F83CE270085A700E9E45B /* DisabledAppOverlayView.swift */,
			);
			path = Views;
			sourceTree = "<group>";
		};
		CE773AA826FB660000EA8284 /* Data */ = {
			isa = PBXGroup;
			children = (
				CE773AA626FB65FA00EA8284 /* User.swift */,
				CE78EF9326FE46A300547BD0 /* Store.swift */,
			);
			path = Data;
			sourceTree = "<group>";
		};
		CE773AA926FB76EA00EA8284 /* Extensions */ = {
			isa = PBXGroup;
			children = (
				CE773AAA26FB770600EA8284 /* DateExt.swift */,
				CE7525D526FF80A1003DA83E /* ViewExt.swift */,
			);
			path = Extensions;
			sourceTree = "<group>";
		};
		CE773AAC26FB79FB00EA8284 /* SettingsTab */ = {
			isa = PBXGroup;
			children = (
				CE7773C126FB9382000DBBC4 /* CloudStorage */,
				CE6D71DA26F60943005BDA30 /* SettingsTab.swift */,
				CE773AAF26FB7A4600EA8284 /* AppInfoView.swift */,
				CE9F908526FF32BF00F53B02 /* TimeIntervalPickerView.swift */,
			);
			path = SettingsTab;
			sourceTree = "<group>";
		};
		CE773AAD26FB7A0300EA8284 /* MainMenuTab */ = {
			isa = PBXGroup;
			children = (
				CE6D71DC26F60979005BDA30 /* MainMenuTab.swift */,
			);
			path = MainMenuTab;
			sourceTree = "<group>";
		};
		CE773AAE26FB7A0C00EA8284 /* RecordsTab */ = {
			isa = PBXGroup;
			children = (
				CE6D71DE26F60988005BDA30 /* RecordsTab.swift */,
			);
			path = RecordsTab;
			sourceTree = "<group>";
		};
		CE7773C126FB9382000DBBC4 /* CloudStorage */ = {
			isa = PBXGroup;
			children = (
				CE773AB126FB874400EA8284 /* CloudStorageChoiceView.swift */,
				CE7773C226FB93CD000DBBC4 /* FreeCloudPlanView.swift */,
				CE7773C426FB93F2000DBBC4 /* PaidCloudPlanView.swift */,
			);
			path = CloudStorage;
			sourceTree = "<group>";
		};
/* End PBXGroup section */

/* Begin PBXNativeTarget section */
		CE6D71C726F6042D005BDA30 /* AudioRecorder */ = {
			isa = PBXNativeTarget;
			buildConfigurationList = CE6D71D726F60430005BDA30 /* Build configuration list for PBXNativeTarget "AudioRecorder" */;
			buildPhases = (
				CE6D71C426F6042D005BDA30 /* Sources */,
				CE6D71C526F6042D005BDA30 /* Frameworks */,
				CE6D71C626F6042D005BDA30 /* Resources */,
			);
			buildRules = (
			);
			dependencies = (
			);
			name = AudioRecorder;
			packageProductDependencies = (
				CE66445C26F8D02A00A554FB /* AlertToast */,
				CE78EF9126FDE6F700547BD0 /* SwiftyStoreKit */,
			);
			productName = AudioRecorder;
			productReference = CE6D71C826F6042D005BDA30 /* AudioRecorder.app */;
			productType = "com.apple.product-type.application";
		};
/* End PBXNativeTarget section */

/* Begin PBXProject section */
		CE6D71C026F6042D005BDA30 /* Project object */ = {
			isa = PBXProject;
			attributes = {
				LastSwiftUpdateCheck = 1250;
				LastUpgradeCheck = 1250;
				TargetAttributes = {
					CE6D71C726F6042D005BDA30 = {
						CreatedOnToolsVersion = 12.5.1;
					};
				};
			};
			buildConfigurationList = CE6D71C326F6042D005BDA30 /* Build configuration list for PBXProject "AudioRecorder" */;
			compatibilityVersion = "Xcode 9.3";
			developmentRegion = en;
			hasScannedForEncodings = 0;
			knownRegions = (
				en,
				Base,
				ru,
			);
			mainGroup = CE6D71BF26F6042D005BDA30;
			packageReferences = (
				CE66445B26F8D02A00A554FB /* XCRemoteSwiftPackageReference "AlertToast" */,
				CE78EF9026FDE6F700547BD0 /* XCRemoteSwiftPackageReference "SwiftyStoreKit" */,
			);
			productRefGroup = CE6D71C926F6042D005BDA30 /* Products */;
			projectDirPath = "";
			projectRoot = "";
			targets = (
				CE6D71C726F6042D005BDA30 /* AudioRecorder */,
			);
		};
/* End PBXProject section */

/* Begin PBXResourcesBuildPhase section */
		CE6D71C626F6042D005BDA30 /* Resources */ = {
			isa = PBXResourcesBuildPhase;
			buildActionMask = 2147483647;
			files = (
				CE6D71D326F60430005BDA30 /* Preview Assets.xcassets in Resources */,
				CEBF0BEA26FA5D6000C9B906 /* Localizable.strings in Resources */,
				CE6D71D026F60430005BDA30 /* Assets.xcassets in Resources */,
			);
			runOnlyForDeploymentPostprocessing = 0;
		};
/* End PBXResourcesBuildPhase section */

/* Begin PBXSourcesBuildPhase section */
		CE6D71C426F6042D005BDA30 /* Sources */ = {
			isa = PBXSourcesBuildPhase;
			buildActionMask = 2147483647;
			files = (
				CE6D71DF26F60988005BDA30 /* RecordsTab.swift in Sources */,
				CE6D71DB26F60943005BDA30 /* SettingsTab.swift in Sources */,
				CE9F908626FF32BF00F53B02 /* TimeIntervalPickerView.swift in Sources */,
				CE773AAB26FB770600EA8284 /* DateExt.swift in Sources */,
				CE773AA726FB65FA00EA8284 /* User.swift in Sources */,
				CE773AB026FB7A4600EA8284 /* AppInfoView.swift in Sources */,
				CE6D71DD26F60979005BDA30 /* MainMenuTab.swift in Sources */,
				CE7525D626FF80A1003DA83E /* ViewExt.swift in Sources */,
				CE6D71CE26F6042D005BDA30 /* ContentView.swift in Sources */,
				CE78EF9426FE46A300547BD0 /* Store.swift in Sources */,
				CE7773C526FB93F2000DBBC4 /* PaidCloudPlanView.swift in Sources */,
				CE7773C326FB93CD000DBBC4 /* FreeCloudPlanView.swift in Sources */,
				CE841E7926FC7AD500FE79BF /* Theme.swift in Sources */,
				CE8F83CF270085A700E9E45B /* DisabledAppOverlayView.swift in Sources */,
				CE773AB226FB874400EA8284 /* CloudStorageChoiceView.swift in Sources */,
				CE6D71CC26F6042D005BDA30 /* AudioRecorderApp.swift in Sources */,
			);
			runOnlyForDeploymentPostprocessing = 0;
		};
/* End PBXSourcesBuildPhase section */

/* Begin PBXVariantGroup section */
		CEBF0BEC26FA5D6000C9B906 /* Localizable.strings */ = {
			isa = PBXVariantGroup;
			children = (
				CEBF0BEB26FA5D6000C9B906 /* en */,
				CEBF0BEF26FA5E2E00C9B906 /* ru */,
			);
			name = Localizable.strings;
			sourceTree = "<group>";
		};
/* End PBXVariantGroup section */

/* Begin XCBuildConfiguration section */
		CE6D71D526F60430005BDA30 /* Debug */ = {
			isa = XCBuildConfiguration;
			buildSettings = {
				ALWAYS_SEARCH_USER_PATHS = NO;
				CLANG_ANALYZER_LOCALIZABILITY_NONLOCALIZED = YES;
				CLANG_ANALYZER_NONNULL = YES;
				CLANG_ANALYZER_NUMBER_OBJECT_CONVERSION = YES_AGGRESSIVE;
				CLANG_CXX_LANGUAGE_STANDARD = "gnu++14";
				CLANG_CXX_LIBRARY = "libc++";
				CLANG_ENABLE_MODULES = YES;
				CLANG_ENABLE_OBJC_ARC = YES;
				CLANG_ENABLE_OBJC_WEAK = YES;
				CLANG_WARN_BLOCK_CAPTURE_AUTORELEASING = YES;
				CLANG_WARN_BOOL_CONVERSION = YES;
				CLANG_WARN_COMMA = YES;
				CLANG_WARN_CONSTANT_CONVERSION = YES;
				CLANG_WARN_DEPRECATED_OBJC_IMPLEMENTATIONS = YES;
				CLANG_WARN_DIRECT_OBJC_ISA_USAGE = YES_ERROR;
				CLANG_WARN_DOCUMENTATION_COMMENTS = YES;
				CLANG_WARN_EMPTY_BODY = YES;
				CLANG_WARN_ENUM_CONVERSION = YES;
				CLANG_WARN_INFINITE_RECURSION = YES;
				CLANG_WARN_INT_CONVERSION = YES;
				CLANG_WARN_NON_LITERAL_NULL_CONVERSION = YES;
				CLANG_WARN_OBJC_IMPLICIT_RETAIN_SELF = YES;
				CLANG_WARN_OBJC_LITERAL_CONVERSION = YES;
				CLANG_WARN_OBJC_ROOT_CLASS = YES_ERROR;
				CLANG_WARN_QUOTED_INCLUDE_IN_FRAMEWORK_HEADER = YES;
				CLANG_WARN_RANGE_LOOP_ANALYSIS = YES;
				CLANG_WARN_STRICT_PROTOTYPES = YES;
				CLANG_WARN_SUSPICIOUS_MOVE = YES;
				CLANG_WARN_UNGUARDED_AVAILABILITY = YES_AGGRESSIVE;
				CLANG_WARN_UNREACHABLE_CODE = YES;
				CLANG_WARN__DUPLICATE_METHOD_MATCH = YES;
				COPY_PHASE_STRIP = NO;
				DEBUG_INFORMATION_FORMAT = dwarf;
				ENABLE_STRICT_OBJC_MSGSEND = YES;
				ENABLE_TESTABILITY = YES;
				GCC_C_LANGUAGE_STANDARD = gnu11;
				GCC_DYNAMIC_NO_PIC = NO;
				GCC_NO_COMMON_BLOCKS = YES;
				GCC_OPTIMIZATION_LEVEL = 0;
				GCC_PREPROCESSOR_DEFINITIONS = (
					"DEBUG=1",
					"$(inherited)",
				);
				GCC_WARN_64_TO_32_BIT_CONVERSION = YES;
				GCC_WARN_ABOUT_RETURN_TYPE = YES_ERROR;
				GCC_WARN_UNDECLARED_SELECTOR = YES;
				GCC_WARN_UNINITIALIZED_AUTOS = YES_AGGRESSIVE;
				GCC_WARN_UNUSED_FUNCTION = YES;
				GCC_WARN_UNUSED_VARIABLE = YES;
				IPHONEOS_DEPLOYMENT_TARGET = 14.5;
				MTL_ENABLE_DEBUG_INFO = INCLUDE_SOURCE;
				MTL_FAST_MATH = YES;
				ONLY_ACTIVE_ARCH = YES;
				SDKROOT = iphoneos;
				SWIFT_ACTIVE_COMPILATION_CONDITIONS = DEBUG;
				SWIFT_OPTIMIZATION_LEVEL = "-Onone";
			};
			name = Debug;
		};
		CE6D71D626F60430005BDA30 /* Release */ = {
			isa = XCBuildConfiguration;
			buildSettings = {
				ALWAYS_SEARCH_USER_PATHS = NO;
				CLANG_ANALYZER_LOCALIZABILITY_NONLOCALIZED = YES;
				CLANG_ANALYZER_NONNULL = YES;
				CLANG_ANALYZER_NUMBER_OBJECT_CONVERSION = YES_AGGRESSIVE;
				CLANG_CXX_LANGUAGE_STANDARD = "gnu++14";
				CLANG_CXX_LIBRARY = "libc++";
				CLANG_ENABLE_MODULES = YES;
				CLANG_ENABLE_OBJC_ARC = YES;
				CLANG_ENABLE_OBJC_WEAK = YES;
				CLANG_WARN_BLOCK_CAPTURE_AUTORELEASING = YES;
				CLANG_WARN_BOOL_CONVERSION = YES;
				CLANG_WARN_COMMA = YES;
				CLANG_WARN_CONSTANT_CONVERSION = YES;
				CLANG_WARN_DEPRECATED_OBJC_IMPLEMENTATIONS = YES;
				CLANG_WARN_DIRECT_OBJC_ISA_USAGE = YES_ERROR;
				CLANG_WARN_DOCUMENTATION_COMMENTS = YES;
				CLANG_WARN_EMPTY_BODY = YES;
				CLANG_WARN_ENUM_CONVERSION = YES;
				CLANG_WARN_INFINITE_RECURSION = YES;
				CLANG_WARN_INT_CONVERSION = YES;
				CLANG_WARN_NON_LITERAL_NULL_CONVERSION = YES;
				CLANG_WARN_OBJC_IMPLICIT_RETAIN_SELF = YES;
				CLANG_WARN_OBJC_LITERAL_CONVERSION = YES;
				CLANG_WARN_OBJC_ROOT_CLASS = YES_ERROR;
				CLANG_WARN_QUOTED_INCLUDE_IN_FRAMEWORK_HEADER = YES;
				CLANG_WARN_RANGE_LOOP_ANALYSIS = YES;
				CLANG_WARN_STRICT_PROTOTYPES = YES;
				CLANG_WARN_SUSPICIOUS_MOVE = YES;
				CLANG_WARN_UNGUARDED_AVAILABILITY = YES_AGGRESSIVE;
				CLANG_WARN_UNREACHABLE_CODE = YES;
				CLANG_WARN__DUPLICATE_METHOD_MATCH = YES;
				COPY_PHASE_STRIP = NO;
				DEBUG_INFORMATION_FORMAT = "dwarf-with-dsym";
				ENABLE_NS_ASSERTIONS = NO;
				ENABLE_STRICT_OBJC_MSGSEND = YES;
				GCC_C_LANGUAGE_STANDARD = gnu11;
				GCC_NO_COMMON_BLOCKS = YES;
				GCC_WARN_64_TO_32_BIT_CONVERSION = YES;
				GCC_WARN_ABOUT_RETURN_TYPE = YES_ERROR;
				GCC_WARN_UNDECLARED_SELECTOR = YES;
				GCC_WARN_UNINITIALIZED_AUTOS = YES_AGGRESSIVE;
				GCC_WARN_UNUSED_FUNCTION = YES;
				GCC_WARN_UNUSED_VARIABLE = YES;
				IPHONEOS_DEPLOYMENT_TARGET = 14.5;
				MTL_ENABLE_DEBUG_INFO = NO;
				MTL_FAST_MATH = YES;
				SDKROOT = iphoneos;
				SWIFT_COMPILATION_MODE = wholemodule;
				SWIFT_OPTIMIZATION_LEVEL = "-O";
				VALIDATE_PRODUCT = YES;
			};
			name = Release;
		};
		CE6D71D826F60430005BDA30 /* Debug */ = {
			isa = XCBuildConfiguration;
			buildSettings = {
				ASSETCATALOG_COMPILER_APPICON_NAME = AppIcon;
				ASSETCATALOG_COMPILER_GLOBAL_ACCENT_COLOR_NAME = AccentColor;
				CODE_SIGN_IDENTITY = "Apple Development";
				CODE_SIGN_STYLE = Automatic;
				DEVELOPMENT_ASSET_PATHS = "\"AudioRecorder/Preview Content\"";
				DEVELOPMENT_TEAM = D86YAFJU4P;
				ENABLE_PREVIEWS = YES;
				INFOPLIST_FILE = AudioRecorder/Info.plist;
				IPHONEOS_DEPLOYMENT_TARGET = 14.0;
				LD_RUNPATH_SEARCH_PATHS = (
					"$(inherited)",
					"@executable_path/Frameworks",
				);
				PRODUCT_BUNDLE_IDENTIFIER = com.wingsmight.AudioRecorder;
				PRODUCT_NAME = "$(TARGET_NAME)";
				PROVISIONING_PROFILE_SPECIFIER = "";
				SWIFT_VERSION = 5.0;
				TARGETED_DEVICE_FAMILY = "1,2";
			};
			name = Debug;
		};
		CE6D71D926F60430005BDA30 /* Release */ = {
			isa = XCBuildConfiguration;
			buildSettings = {
				ASSETCATALOG_COMPILER_APPICON_NAME = AppIcon;
				ASSETCATALOG_COMPILER_GLOBAL_ACCENT_COLOR_NAME = AccentColor;
				CODE_SIGN_IDENTITY = "Apple Development";
				CODE_SIGN_STYLE = Automatic;
				DEVELOPMENT_ASSET_PATHS = "\"AudioRecorder/Preview Content\"";
				DEVELOPMENT_TEAM = D86YAFJU4P;
				ENABLE_PREVIEWS = YES;
				INFOPLIST_FILE = AudioRecorder/Info.plist;
				IPHONEOS_DEPLOYMENT_TARGET = 14.0;
				LD_RUNPATH_SEARCH_PATHS = (
					"$(inherited)",
					"@executable_path/Frameworks",
				);
				PRODUCT_BUNDLE_IDENTIFIER = com.wingsmight.AudioRecorder;
				PRODUCT_NAME = "$(TARGET_NAME)";
				PROVISIONING_PROFILE_SPECIFIER = "";
				SWIFT_VERSION = 5.0;
				TARGETED_DEVICE_FAMILY = "1,2";
			};
			name = Release;
		};
/* End XCBuildConfiguration section */

/* Begin XCConfigurationList section */
		CE6D71C326F6042D005BDA30 /* Build configuration list for PBXProject "AudioRecorder" */ = {
			isa = XCConfigurationList;
			buildConfigurations = (
				CE6D71D526F60430005BDA30 /* Debug */,
				CE6D71D626F60430005BDA30 /* Release */,
			);
			defaultConfigurationIsVisible = 0;
			defaultConfigurationName = Release;
		};
		CE6D71D726F60430005BDA30 /* Build configuration list for PBXNativeTarget "AudioRecorder" */ = {
			isa = XCConfigurationList;
			buildConfigurations = (
				CE6D71D826F60430005BDA30 /* Debug */,
				CE6D71D926F60430005BDA30 /* Release */,
			);
			defaultConfigurationIsVisible = 0;
			defaultConfigurationName = Release;
		};
/* End XCConfigurationList section */

/* Begin XCRemoteSwiftPackageReference section */
		CE66445B26F8D02A00A554FB /* XCRemoteSwiftPackageReference "AlertToast" */ = {
			isa = XCRemoteSwiftPackageReference;
			repositoryURL = "https://github.com/elai950/AlertToast.git";
			requirement = {
				kind = upToNextMajorVersion;
				minimumVersion = 1.3.7;
			};
		};
		CE78EF9026FDE6F700547BD0 /* XCRemoteSwiftPackageReference "SwiftyStoreKit" */ = {
			isa = XCRemoteSwiftPackageReference;
			repositoryURL = "https://github.com/bizz84/SwiftyStoreKit.git";
			requirement = {
				kind = upToNextMajorVersion;
				minimumVersion = 0.9.3;
			};
		};
/* End XCRemoteSwiftPackageReference section */

/* Begin XCSwiftPackageProductDependency section */
		CE66445C26F8D02A00A554FB /* AlertToast */ = {
			isa = XCSwiftPackageProductDependency;
			package = CE66445B26F8D02A00A554FB /* XCRemoteSwiftPackageReference "AlertToast" */;
			productName = AlertToast;
		};
		CE78EF9126FDE6F700547BD0 /* SwiftyStoreKit */ = {
			isa = XCSwiftPackageProductDependency;
			package = CE78EF9026FDE6F700547BD0 /* XCRemoteSwiftPackageReference "SwiftyStoreKit" */;
			productName = SwiftyStoreKit;
		};
/* End XCSwiftPackageProductDependency section */
	};
	rootObject = CE6D71C026F6042D005BDA30 /* Project object */;
}
